
Microsoft Visual Studio Solution File, Format Version 12.00
# Visual Studio Version 17
VisualStudioVersion = 17.9.34902.65
MinimumVisualStudioVersion = 10.0.40219.1
Project("{FAE04EC0-301F-11D3-BF4B-00C04F79EFBC}") = "FileDateTimeEditor", "FileDateTimeEditor\FileDateTimeEditor.csproj", "{7F006AED-BC32-46DA-8CB7-C1F24241EEDB}"
EndProject
Global
	GlobalSection(SolutionConfigurationPlatforms) = preSolution
		Debug|Any CPU = Debug|Any CPU
		Release|Any CPU = Release|Any CPU
	EndGlobalSection
	GlobalSection(ProjectConfigurationPlatforms) = postSolution
		{7F006AED-BC32-46DA-8CB7-C1F24241EEDB}.Debug|Any CPU.ActiveCfg = Debug|Any CPU
		{7F006AED-BC32-46DA-8CB7-C1F24241EEDB}.Debug|Any CPU.Build.0 = Debug|Any CPU
		{7F006AED-BC32-46DA-8CB7-C1F24241EEDB}.Release|Any CPU.ActiveCfg = Release|Any CPU
		{7F006AED-BC32-46DA-8CB7-C1F24241EEDB}.Release|Any CPU.Build.0 = Release|Any CPU
	EndGlobalSection
	GlobalSection(SolutionProperties) = preSolution
		HideSolutionNode = FALSE
	EndGlobalSection
	GlobalSection(ExtensibilityGlobals) = postSolution
		SolutionGuid = {074BDE10-7049-4823-BFAD-AA6DE58AEF9C}
	EndGlobalSection
EndGlobal
